// !$*UTF8*$!
{
	archiveVersion = 1;
	classes = {
	};
	objectVersion = 46;
	objects = {

/* Begin PBXBuildFile section */
		8F06943C1D9C8482002D72CD /* test.cpp in Sources */ = {isa = PBXBuildFile; fileRef = 8F06943A1D9C8482002D72CD /* test.cpp */; };
		8F190C641DA6971C00E3C703 /* generate.cpp in Sources */ = {isa = PBXBuildFile; fileRef = 8F190C601DA67D4500E3C703 /* generate.cpp */; };
		8F190C751DA6973E00E3C703 /* test.cpp in Sources */ = {isa = PBXBuildFile; fileRef = 8F06943A1D9C8482002D72CD /* test.cpp */; };
		8F190C761DA6973E00E3C703 /* Edge.cpp in Sources */ = {isa = PBXBuildFile; fileRef = 8F1A3AF31D9FF1C800733F3B /* Edge.cpp */; };
		8F190C801DA6974600E3C703 /* Graph_list.cpp in Sources */ = {isa = PBXBuildFile; fileRef = 8F1A3AEB1D9EA37500733F3B /* Graph_list.cpp */; };
		8F190C821DA6974600E3C703 /* test.cpp in Sources */ = {isa = PBXBuildFile; fileRef = 8F06943A1D9C8482002D72CD /* test.cpp */; };
		8F190C8E1DA6974C00E3C703 /* Vertex.cpp in Sources */ = {isa = PBXBuildFile; fileRef = 8F1A3AF11D9EC8EA00733F3B /* Vertex.cpp */; };
		8F190C8F1DA6974C00E3C703 /* test.cpp in Sources */ = {isa = PBXBuildFile; fileRef = 8F06943A1D9C8482002D72CD /* test.cpp */; };
		8F190CA51DA69C7900E3C703 /* Edge.cpp in Sources */ = {isa = PBXBuildFile; fileRef = 8F1A3AF31D9FF1C800733F3B /* Edge.cpp */; };
		8F190CA61DA69C7A00E3C703 /* Edge.cpp in Sources */ = {isa = PBXBuildFile; fileRef = 8F1A3AF31D9FF1C800733F3B /* Edge.cpp */; };
		8F190CA71DA69C7D00E3C703 /* Vertex.cpp in Sources */ = {isa = PBXBuildFile; fileRef = 8F1A3AF11D9EC8EA00733F3B /* Vertex.cpp */; };
		8F190CA81DA69C7D00E3C703 /* Vertex.cpp in Sources */ = {isa = PBXBuildFile; fileRef = 8F1A3AF11D9EC8EA00733F3B /* Vertex.cpp */; };
		8F190CA91DA69C8000E3C703 /* Graph_list.cpp in Sources */ = {isa = PBXBuildFile; fileRef = 8F1A3AEB1D9EA37500733F3B /* Graph_list.cpp */; };
		8F190CAA1DA69C8100E3C703 /* Graph_list.cpp in Sources */ = {isa = PBXBuildFile; fileRef = 8F1A3AEB1D9EA37500733F3B /* Graph_list.cpp */; };
		8F190CAB1DA69C9A00E3C703 /* Graph_list.cpp in Sources */ = {isa = PBXBuildFile; fileRef = 8F1A3AEB1D9EA37500733F3B /* Graph_list.cpp */; };
		8F190CAC1DA69C9D00E3C703 /* Vertex.cpp in Sources */ = {isa = PBXBuildFile; fileRef = 8F1A3AF11D9EC8EA00733F3B /* Vertex.cpp */; };
		8F190CAD1DA69C9F00E3C703 /* Edge.cpp in Sources */ = {isa = PBXBuildFile; fileRef = 8F1A3AF31D9FF1C800733F3B /* Edge.cpp */; };
/* End PBXBuildFile section */

/* Begin PBXCopyFilesBuildPhase section */
		8F190C6B1DA6971C00E3C703 /* CopyFiles */ = {
			isa = PBXCopyFilesBuildPhase;
			buildActionMask = 2147483647;
			dstPath = /usr/share/man/man1/;
			dstSubfolderSpec = 0;
			files = (
			);
			runOnlyForDeploymentPostprocessing = 1;
		};
		8F190C781DA6973E00E3C703 /* CopyFiles */ = {
			isa = PBXCopyFilesBuildPhase;
			buildActionMask = 2147483647;
			dstPath = /usr/share/man/man1/;
			dstSubfolderSpec = 0;
			files = (
			);
			runOnlyForDeploymentPostprocessing = 1;
		};
		8F190C851DA6974600E3C703 /* CopyFiles */ = {
			isa = PBXCopyFilesBuildPhase;
			buildActionMask = 2147483647;
			dstPath = /usr/share/man/man1/;
			dstSubfolderSpec = 0;
			files = (
			);
			runOnlyForDeploymentPostprocessing = 1;
		};
		8F190C921DA6974C00E3C703 /* CopyFiles */ = {
			isa = PBXCopyFilesBuildPhase;
			buildActionMask = 2147483647;
			dstPath = /usr/share/man/man1/;
			dstSubfolderSpec = 0;
			files = (
			);
			runOnlyForDeploymentPostprocessing = 1;
		};
		8FAD48AA1D9C810200563E75 /* CopyFiles */ = {
			isa = PBXCopyFilesBuildPhase;
			buildActionMask = 2147483647;
			dstPath = /usr/share/man/man1/;
			dstSubfolderSpec = 0;
			files = (
			);
			runOnlyForDeploymentPostprocessing = 1;
		};
/* End PBXCopyFilesBuildPhase section */

/* Begin PBXFileReference section */
		8F0694381D9C8482002D72CD /* LinkList.cpp */ = {isa = PBXFileReference; fileEncoding = 4; lastKnownFileType = sourcecode.cpp.cpp; path = LinkList.cpp; sourceTree = "<group>"; };
		8F0694391D9C8482002D72CD /* LinkList.h */ = {isa = PBXFileReference; fileEncoding = 4; lastKnownFileType = sourcecode.c.h; path = LinkList.h; sourceTree = "<group>"; };
		8F06943A1D9C8482002D72CD /* test.cpp */ = {isa = PBXFileReference; fileEncoding = 4; lastKnownFileType = sourcecode.cpp.cpp; path = test.cpp; sourceTree = "<group>"; };
		8F190C601DA67D4500E3C703 /* generate.cpp */ = {isa = PBXFileReference; fileEncoding = 4; lastKnownFileType = sourcecode.cpp.cpp; path = generate.cpp; sourceTree = "<group>"; };
		8F190C6F1DA6971C00E3C703 /* generate */ = {isa = PBXFileReference; explicitFileType = "compiled.mach-o.executable"; includeInIndex = 0; path = generate; sourceTree = BUILT_PRODUCTS_DIR; };
		8F190C7C1DA6973E00E3C703 /* edge */ = {isa = PBXFileReference; explicitFileType = "compiled.mach-o.executable"; includeInIndex = 0; path = edge; sourceTree = BUILT_PRODUCTS_DIR; };
		8F190C891DA6974600E3C703 /* graph */ = {isa = PBXFileReference; explicitFileType = "compiled.mach-o.executable"; includeInIndex = 0; path = graph; sourceTree = BUILT_PRODUCTS_DIR; };
		8F190C961DA6974C00E3C703 /* vertex */ = {isa = PBXFileReference; explicitFileType = "compiled.mach-o.executable"; includeInIndex = 0; path = vertex; sourceTree = BUILT_PRODUCTS_DIR; };
		8F1A3AEB1D9EA37500733F3B /* Graph_list.cpp */ = {isa = PBXFileReference; fileEncoding = 4; lastKnownFileType = sourcecode.cpp.cpp; path = Graph_list.cpp; sourceTree = "<group>"; };
		8F1A3AEC1D9EA37500733F3B /* Graph_list.h */ = {isa = PBXFileReference; fileEncoding = 4; lastKnownFileType = sourcecode.c.h; path = Graph_list.h; sourceTree = "<group>"; };
		8F1A3AEF1D9EA56E00733F3B /* Vertex.h */ = {isa = PBXFileReference; fileEncoding = 4; lastKnownFileType = sourcecode.c.h; path = Vertex.h; sourceTree = "<group>"; };
		8F1A3AF11D9EC8EA00733F3B /* Vertex.cpp */ = {isa = PBXFileReference; fileEncoding = 4; lastKnownFileType = sourcecode.cpp.cpp; path = Vertex.cpp; sourceTree = "<group>"; };
		8F1A3AF31D9FF1C800733F3B /* Edge.cpp */ = {isa = PBXFileReference; fileEncoding = 4; lastKnownFileType = sourcecode.cpp.cpp; path = Edge.cpp; sourceTree = "<group>"; };
		8F1A3AF41D9FF1C800733F3B /* Edge.h */ = {isa = PBXFileReference; fileEncoding = 4; lastKnownFileType = sourcecode.c.h; path = Edge.h; sourceTree = "<group>"; };
		8FAD48AC1D9C810200563E75 /* test */ = {isa = PBXFileReference; explicitFileType = "compiled.mach-o.executable"; includeInIndex = 0; path = test; sourceTree = BUILT_PRODUCTS_DIR; };
/* End PBXFileReference section */

/* Begin PBXFrameworksBuildPhase section */
		8F190C6A1DA6971C00E3C703 /* Frameworks */ = {
			isa = PBXFrameworksBuildPhase;
			buildActionMask = 2147483647;
			files = (
			);
			runOnlyForDeploymentPostprocessing = 0;
		};
		8F190C771DA6973E00E3C703 /* Frameworks */ = {
			isa = PBXFrameworksBuildPhase;
			buildActionMask = 2147483647;
			files = (
			);
			runOnlyForDeploymentPostprocessing = 0;
		};
		8F190C841DA6974600E3C703 /* Frameworks */ = {
			isa = PBXFrameworksBuildPhase;
			buildActionMask = 2147483647;
			files = (
			);
			runOnlyForDeploymentPostprocessing = 0;
		};
		8F190C911DA6974C00E3C703 /* Frameworks */ = {
			isa = PBXFrameworksBuildPhase;
			buildActionMask = 2147483647;
			files = (
			);
			runOnlyForDeploymentPostprocessing = 0;
		};
		8FAD48A91D9C810200563E75 /* Frameworks */ = {
			isa = PBXFrameworksBuildPhase;
			buildActionMask = 2147483647;
			files = (
			);
			runOnlyForDeploymentPostprocessing = 0;
		};
/* End PBXFrameworksBuildPhase section */

/* Begin PBXGroup section */
		8FAD48A31D9C810200563E75 = {
			isa = PBXGroup;
			children = (
				8FAD48AE1D9C810200563E75 /* src */,
				8FAD48AD1D9C810200563E75 /* Products */,
			);
			sourceTree = "<group>";
		};
		8FAD48AD1D9C810200563E75 /* Products */ = {
			isa = PBXGroup;
			children = (
				8FAD48AC1D9C810200563E75 /* test */,
				8F190C6F1DA6971C00E3C703 /* generate */,
				8F190C7C1DA6973E00E3C703 /* edge */,
				8F190C891DA6974600E3C703 /* graph */,
				8F190C961DA6974C00E3C703 /* vertex */,
			);
			name = Products;
			sourceTree = "<group>";
		};
		8FAD48AE1D9C810200563E75 /* src */ = {
			isa = PBXGroup;
			children = (
				8F1A3AF41D9FF1C800733F3B /* Edge.h */,
				8F1A3AF31D9FF1C800733F3B /* Edge.cpp */,
				8F1A3AEF1D9EA56E00733F3B /* Vertex.h */,
				8F1A3AF11D9EC8EA00733F3B /* Vertex.cpp */,
				8F1A3AEC1D9EA37500733F3B /* Graph_list.h */,
				8F1A3AEB1D9EA37500733F3B /* Graph_list.cpp */,
				8F0694391D9C8482002D72CD /* LinkList.h */,
				8F0694381D9C8482002D72CD /* LinkList.cpp */,
				8F190C601DA67D4500E3C703 /* generate.cpp */,
				8F06943A1D9C8482002D72CD /* test.cpp */,
			);
			path = src;
			sourceTree = "<group>";
		};
/* End PBXGroup section */

/* Begin PBXNativeTarget section */
		8F190C621DA6971C00E3C703 /* generate */ = {
			isa = PBXNativeTarget;
			buildConfigurationList = 8F190C6C1DA6971C00E3C703 /* Build configuration list for PBXNativeTarget "generate" */;
			buildPhases = (
				8F190C631DA6971C00E3C703 /* Sources */,
				8F190C6A1DA6971C00E3C703 /* Frameworks */,
				8F190C6B1DA6971C00E3C703 /* CopyFiles */,
			);
			buildRules = (
			);
			dependencies = (
			);
			name = generate;
			productName = MinimumWeightedSpanningTree;
			productReference = 8F190C6F1DA6971C00E3C703 /* generate */;
			productType = "com.apple.product-type.tool";
		};
		8F190C701DA6973E00E3C703 /* edge */ = {
			isa = PBXNativeTarget;
			buildConfigurationList = 8F190C791DA6973E00E3C703 /* Build configuration list for PBXNativeTarget "edge" */;
			buildPhases = (
				8F190C711DA6973E00E3C703 /* Sources */,
				8F190C771DA6973E00E3C703 /* Frameworks */,
				8F190C781DA6973E00E3C703 /* CopyFiles */,
			);
			buildRules = (
			);
			dependencies = (
			);
			name = edge;
			productName = MinimumWeightedSpanningTree;
			productReference = 8F190C7C1DA6973E00E3C703 /* edge */;
			productType = "com.apple.product-type.tool";
		};
		8F190C7D1DA6974600E3C703 /* graph */ = {
			isa = PBXNativeTarget;
			buildConfigurationList = 8F190C861DA6974600E3C703 /* Build configuration list for PBXNativeTarget "graph" */;
			buildPhases = (
				8F190C7E1DA6974600E3C703 /* Sources */,
				8F190C841DA6974600E3C703 /* Frameworks */,
				8F190C851DA6974600E3C703 /* CopyFiles */,
			);
			buildRules = (
			);
			dependencies = (
			);
			name = graph;
			productName = MinimumWeightedSpanningTree;
			productReference = 8F190C891DA6974600E3C703 /* graph */;
			productType = "com.apple.product-type.tool";
		};
		8F190C8A1DA6974C00E3C703 /* vertex */ = {
			isa = PBXNativeTarget;
			buildConfigurationList = 8F190C931DA6974C00E3C703 /* Build configuration list for PBXNativeTarget "vertex" */;
			buildPhases = (
				8F190C8B1DA6974C00E3C703 /* Sources */,
				8F190C911DA6974C00E3C703 /* Frameworks */,
				8F190C921DA6974C00E3C703 /* CopyFiles */,
			);
			buildRules = (
			);
			dependencies = (
			);
			name = vertex;
			productName = MinimumWeightedSpanningTree;
			productReference = 8F190C961DA6974C00E3C703 /* vertex */;
			productType = "com.apple.product-type.tool";
		};
		8FAD48AB1D9C810200563E75 /* test */ = {
			isa = PBXNativeTarget;
			buildConfigurationList = 8FAD48B31D9C810200563E75 /* Build configuration list for PBXNativeTarget "test" */;
			buildPhases = (
				8FAD48A81D9C810200563E75 /* Sources */,
				8FAD48A91D9C810200563E75 /* Frameworks */,
				8FAD48AA1D9C810200563E75 /* CopyFiles */,
			);
			buildRules = (
			);
			dependencies = (
			);
			name = test;
			productName = MinimumWeightedSpanningTree;
			productReference = 8FAD48AC1D9C810200563E75 /* test */;
			productType = "com.apple.product-type.tool";
		};
/* End PBXNativeTarget section */

/* Begin PBXProject section */
		8FAD48A41D9C810200563E75 /* Project object */ = {
			isa = PBXProject;
			attributes = {
				LastUpgradeCheck = 0800;
				ORGANIZATIONNAME = "Tyson Cross";
				TargetAttributes = {
					8FAD48AB1D9C810200563E75 = {
						CreatedOnToolsVersion = 8.0;
						ProvisioningStyle = Automatic;
					};
				};
			};
			buildConfigurationList = 8FAD48A71D9C810200563E75 /* Build configuration list for PBXProject "MinimumWeightedSpanningTree" */;
			compatibilityVersion = "Xcode 3.2";
			developmentRegion = English;
			hasScannedForEncodings = 0;
			knownRegions = (
				en,
			);
			mainGroup = 8FAD48A31D9C810200563E75;
			productRefGroup = 8FAD48AD1D9C810200563E75 /* Products */;
			projectDirPath = "";
			projectRoot = "";
			targets = (
				8FAD48AB1D9C810200563E75 /* test */,
				8F190C621DA6971C00E3C703 /* generate */,
				8F190C701DA6973E00E3C703 /* edge */,
				8F190C7D1DA6974600E3C703 /* graph */,
				8F190C8A1DA6974C00E3C703 /* vertex */,
			);
		};
/* End PBXProject section */

/* Begin PBXSourcesBuildPhase section */
		8F190C631DA6971C00E3C703 /* Sources */ = {
			isa = PBXSourcesBuildPhase;
			buildActionMask = 2147483647;
			files = (
				8F190C641DA6971C00E3C703 /* generate.cpp in Sources */,
			);
			runOnlyForDeploymentPostprocessing = 0;
		};
		8F190C711DA6973E00E3C703 /* Sources */ = {
			isa = PBXSourcesBuildPhase;
			buildActionMask = 2147483647;
			files = (
				8F190CA91DA69C8000E3C703 /* Graph_list.cpp in Sources */,
				8F190CA81DA69C7D00E3C703 /* Vertex.cpp in Sources */,
				8F190C751DA6973E00E3C703 /* test.cpp in Sources */,
				8F190C761DA6973E00E3C703 /* Edge.cpp in Sources */,
			);
			runOnlyForDeploymentPostprocessing = 0;
		};
		8F190C7E1DA6974600E3C703 /* Sources */ = {
			isa = PBXSourcesBuildPhase;
			buildActionMask = 2147483647;
			files = (
				8F190CA51DA69C7900E3C703 /* Edge.cpp in Sources */,
				8F190CA71DA69C7D00E3C703 /* Vertex.cpp in Sources */,
				8F190C801DA6974600E3C703 /* Graph_list.cpp in Sources */,
				8F190C821DA6974600E3C703 /* test.cpp in Sources */,
			);
			runOnlyForDeploymentPostprocessing = 0;
		};
		8F190C8B1DA6974C00E3C703 /* Sources */ = {
			isa = PBXSourcesBuildPhase;
			buildActionMask = 2147483647;
			files = (
				8F190CAA1DA69C8100E3C703 /* Graph_list.cpp in Sources */,
				8F190CA61DA69C7A00E3C703 /* Edge.cpp in Sources */,
				8F190C8E1DA6974C00E3C703 /* Vertex.cpp in Sources */,
				8F190C8F1DA6974C00E3C703 /* test.cpp in Sources */,
			);
			runOnlyForDeploymentPostprocessing = 0;
		};
		8FAD48A81D9C810200563E75 /* Sources */ = {
			isa = PBXSourcesBuildPhase;
			buildActionMask = 2147483647;
			files = (
				8F190CAC1DA69C9D00E3C703 /* Vertex.cpp in Sources */,
				8F190CAB1DA69C9A00E3C703 /* Graph_list.cpp in Sources */,
				8F190CAD1DA69C9F00E3C703 /* Edge.cpp in Sources */,
				8F06943C1D9C8482002D72CD /* test.cpp in Sources */,
			);
			runOnlyForDeploymentPostprocessing = 0;
		};
/* End PBXSourcesBuildPhase section */

/* Begin XCBuildConfiguration section */
		8F190C6D1DA6971C00E3C703 /* Debug */ = {
			isa = XCBuildConfiguration;
			buildSettings = {
				PRODUCT_NAME = "$(TARGET_NAME)";
			};
			name = Debug;
		};
		8F190C6E1DA6971C00E3C703 /* Release */ = {
			isa = XCBuildConfiguration;
			buildSettings = {
				PRODUCT_NAME = "$(TARGET_NAME)";
			};
			name = Release;
		};
		8F190C7A1DA6973E00E3C703 /* Debug */ = {
			isa = XCBuildConfiguration;
			buildSettings = {
				PRODUCT_NAME = "$(TARGET_NAME)";
			};
			name = Debug;
		};
		8F190C7B1DA6973E00E3C703 /* Release */ = {
			isa = XCBuildConfiguration;
			buildSettings = {
				PRODUCT_NAME = "$(TARGET_NAME)";
			};
			name = Release;
		};
		8F190C871DA6974600E3C703 /* Debug */ = {
			isa = XCBuildConfiguration;
			buildSettings = {
				PRODUCT_NAME = "$(TARGET_NAME)";
			};
			name = Debug;
		};
		8F190C881DA6974600E3C703 /* Release */ = {
			isa = XCBuildConfiguration;
			buildSettings = {
				PRODUCT_NAME = "$(TARGET_NAME)";
			};
			name = Release;
		};
		8F190C941DA6974C00E3C703 /* Debug */ = {
			isa = XCBuildConfiguration;
			buildSettings = {
				PRODUCT_NAME = "$(TARGET_NAME)";
			};
			name = Debug;
		};
		8F190C951DA6974C00E3C703 /* Release */ = {
			isa = XCBuildConfiguration;
			buildSettings = {
				PRODUCT_NAME = "$(TARGET_NAME)";
			};
			name = Release;
		};
		8FAD48B11D9C810200563E75 /* Debug */ = {
			isa = XCBuildConfiguration;
			buildSettings = {
				ALWAYS_SEARCH_USER_PATHS = NO;
				CLANG_ANALYZER_NONNULL = YES;
				CLANG_CXX_LANGUAGE_STANDARD = "gnu++0x";
				CLANG_CXX_LIBRARY = "libc++";
				CLANG_ENABLE_MODULES = YES;
				CLANG_ENABLE_OBJC_ARC = YES;
				CLANG_WARN_BOOL_CONVERSION = YES;
				CLANG_WARN_CONSTANT_CONVERSION = YES;
				CLANG_WARN_DIRECT_OBJC_ISA_USAGE = YES_ERROR;
				CLANG_WARN_DOCUMENTATION_COMMENTS = YES;
				CLANG_WARN_EMPTY_BODY = YES;
				CLANG_WARN_ENUM_CONVERSION = YES;
				CLANG_WARN_INFINITE_RECURSION = YES;
				CLANG_WARN_INT_CONVERSION = YES;
				CLANG_WARN_OBJC_ROOT_CLASS = YES_ERROR;
				CLANG_WARN_SUSPICIOUS_MOVES = YES;
				CLANG_WARN_UNREACHABLE_CODE = YES;
				CLANG_WARN__DUPLICATE_METHOD_MATCH = YES;
				CODE_SIGN_IDENTITY = "-";
				COPY_PHASE_STRIP = NO;
				DEBUG_INFORMATION_FORMAT = dwarf;
				ENABLE_STRICT_OBJC_MSGSEND = YES;
				ENABLE_TESTABILITY = YES;
				GCC_C_LANGUAGE_STANDARD = gnu99;
				GCC_DYNAMIC_NO_PIC = NO;
				GCC_NO_COMMON_BLOCKS = YES;
				GCC_OPTIMIZATION_LEVEL = 0;
				GCC_PREPROCESSOR_DEFINITIONS = (
					"DEBUG=1",
					"$(inherited)",
				);
				GCC_WARN_64_TO_32_BIT_CONVERSION = YES;
				GCC_WARN_ABOUT_RETURN_TYPE = YES_ERROR;
				GCC_WARN_UNDECLARED_SELECTOR = YES;
				GCC_WARN_UNINITIALIZED_AUTOS = YES_AGGRESSIVE;
				GCC_WARN_UNUSED_FUNCTION = YES;
				GCC_WARN_UNUSED_VARIABLE = YES;
				MACOSX_DEPLOYMENT_TARGET = 10.12;
				MTL_ENABLE_DEBUG_INFO = YES;
				ONLY_ACTIVE_ARCH = YES;
				SDKROOT = macosx;
			};
			name = Debug;
		};
		8FAD48B21D9C810200563E75 /* Release */ = {
			isa = XCBuildConfiguration;
			buildSettings = {
				ALWAYS_SEARCH_USER_PATHS = NO;
				CLANG_ANALYZER_NONNULL = YES;
				CLANG_CXX_LANGUAGE_STANDARD = "gnu++0x";
				CLANG_CXX_LIBRARY = "libc++";
				CLANG_ENABLE_MODULES = YES;
				CLANG_ENABLE_OBJC_ARC = YES;
				CLANG_WARN_BOOL_CONVERSION = YES;
				CLANG_WARN_CONSTANT_CONVERSION = YES;
				CLANG_WARN_DIRECT_OBJC_ISA_USAGE = YES_ERROR;
				CLANG_WARN_DOCUMENTATION_COMMENTS = YES;
				CLANG_WARN_EMPTY_BODY = YES;
				CLANG_WARN_ENUM_CONVERSION = YES;
				CLANG_WARN_INFINITE_RECURSION = YES;
				CLANG_WARN_INT_CONVERSION = YES;
				CLANG_WARN_OBJC_ROOT_CLASS = YES_ERROR;
				CLANG_WARN_SUSPICIOUS_MOVES = YES;
				CLANG_WARN_UNREACHABLE_CODE = YES;
				CLANG_WARN__DUPLICATE_METHOD_MATCH = YES;
				CODE_SIGN_IDENTITY = "-";
				COPY_PHASE_STRIP = NO;
				DEBUG_INFORMATION_FORMAT = "dwarf-with-dsym";
				ENABLE_NS_ASSERTIONS = NO;
				ENABLE_STRICT_OBJC_MSGSEND = YES;
				GCC_C_LANGUAGE_STANDARD = gnu99;
				GCC_NO_COMMON_BLOCKS = YES;
				GCC_WARN_64_TO_32_BIT_CONVERSION = YES;
				GCC_WARN_ABOUT_RETURN_TYPE = YES_ERROR;
				GCC_WARN_UNDECLARED_SELECTOR = YES;
				GCC_WARN_UNINITIALIZED_AUTOS = YES_AGGRESSIVE;
				GCC_WARN_UNUSED_FUNCTION = YES;
				GCC_WARN_UNUSED_VARIABLE = YES;
				MACOSX_DEPLOYMENT_TARGET = 10.12;
				MTL_ENABLE_DEBUG_INFO = NO;
				SDKROOT = macosx;
			};
			name = Release;
		};
		8FAD48B41D9C810200563E75 /* Debug */ = {
			isa = XCBuildConfiguration;
			buildSettings = {
				PRODUCT_NAME = "$(TARGET_NAME)";
			};
			name = Debug;
		};
		8FAD48B51D9C810200563E75 /* Release */ = {
			isa = XCBuildConfiguration;
			buildSettings = {
				PRODUCT_NAME = "$(TARGET_NAME)";
			};
			name = Release;
		};
/* End XCBuildConfiguration section */

/* Begin XCConfigurationList section */
		8F190C6C1DA6971C00E3C703 /* Build configuration list for PBXNativeTarget "generate" */ = {
			isa = XCConfigurationList;
			buildConfigurations = (
				8F190C6D1DA6971C00E3C703 /* Debug */,
				8F190C6E1DA6971C00E3C703 /* Release */,
			);
			defaultConfigurationIsVisible = 0;
			defaultConfigurationName = Release;
		};
		8F190C791DA6973E00E3C703 /* Build configuration list for PBXNativeTarget "edge" */ = {
			isa = XCConfigurationList;
			buildConfigurations = (
				8F190C7A1DA6973E00E3C703 /* Debug */,
				8F190C7B1DA6973E00E3C703 /* Release */,
			);
			defaultConfigurationIsVisible = 0;
			defaultConfigurationName = Release;
		};
		8F190C861DA6974600E3C703 /* Build configuration list for PBXNativeTarget "graph" */ = {
			isa = XCConfigurationList;
			buildConfigurations = (
				8F190C871DA6974600E3C703 /* Debug */,
				8F190C881DA6974600E3C703 /* Release */,
			);
			defaultConfigurationIsVisible = 0;
			defaultConfigurationName = Release;
		};
		8F190C931DA6974C00E3C703 /* Build configuration list for PBXNativeTarget "vertex" */ = {
			isa = XCConfigurationList;
			buildConfigurations = (
				8F190C941DA6974C00E3C703 /* Debug */,
				8F190C951DA6974C00E3C703 /* Release */,
			);
			defaultConfigurationIsVisible = 0;
			defaultConfigurationName = Release;
		};
		8FAD48A71D9C810200563E75 /* Build configuration list for PBXProject "MinimumWeightedSpanningTree" */ = {
			isa = XCConfigurationList;
			buildConfigurations = (
				8FAD48B11D9C810200563E75 /* Debug */,
				8FAD48B21D9C810200563E75 /* Release */,
			);
			defaultConfigurationIsVisible = 0;
			defaultConfigurationName = Release;
		};
		8FAD48B31D9C810200563E75 /* Build configuration list for PBXNativeTarget "test" */ = {
			isa = XCConfigurationList;
			buildConfigurations = (
				8FAD48B41D9C810200563E75 /* Debug */,
				8FAD48B51D9C810200563E75 /* Release */,
			);
			defaultConfigurationIsVisible = 0;
			defaultConfigurationName = Release;
		};
/* End XCConfigurationList section */
	};
	rootObject = 8FAD48A41D9C810200563E75 /* Project object */;
}
